
Microsoft Visual Studio Solution File, Format Version 12.00
# Visual Studio 15
VisualStudioVersion = 15.0.26430.6
MinimumVisualStudioVersion = 10.0.40219.1
Project("{FAE04EC0-301F-11D3-BF4B-00C04F79EFBC}") = "RoboticArm", "RoboticArm\RoboticArm.csproj", "{4E3157E3-66B7-4BA5-8888-87459DDCED2F}"
EndProject
Project("{2150E333-8FDC-42A3-9474-1A3956D46DE8}") = "Solution Items", "Solution Items", "{E87091E2-CFC0-4D69-825F-EE00E10A44AB}"
	ProjectSection(SolutionItems) = preProject
		README.md = README.md
	EndProjectSection
EndProject
Project("{2150E333-8FDC-42A3-9474-1A3956D46DE8}") = "screenshots", "screenshots", "{C2D122C8-8C9F-45AB-9D78-D63B5E8A5CD5}"
	ProjectSection(SolutionItems) = preProject
		screenshots\AutomaticMode.png = screenshots\AutomaticMode.png
		screenshots\ManualMode.png = screenshots\ManualMode.png
		screenshots\Settings.png = screenshots\Settings.png
	EndProjectSection
EndProject
Global
	GlobalSection(SolutionConfigurationPlatforms) = preSolution
		Debug|Any CPU = Debug|Any CPU
		Release|Any CPU = Release|Any CPU
	EndGlobalSection
	GlobalSection(ProjectConfigurationPlatforms) = postSolution
		{4E3157E3-66B7-4BA5-8888-87459DDCED2F}.Debug|Any CPU.ActiveCfg = Debug|Any CPU
		{4E3157E3-66B7-4BA5-8888-87459DDCED2F}.Debug|Any CPU.Build.0 = Debug|Any CPU
		{4E3157E3-66B7-4BA5-8888-87459DDCED2F}.Release|Any CPU.ActiveCfg = Release|Any CPU
		{4E3157E3-66B7-4BA5-8888-87459DDCED2F}.Release|Any CPU.Build.0 = Release|Any CPU
	EndGlobalSection
	GlobalSection(SolutionProperties) = preSolution
		HideSolutionNode = FALSE
	EndGlobalSection
	GlobalSection(NestedProjects) = preSolution
		{C2D122C8-8C9F-45AB-9D78-D63B5E8A5CD5} = {E87091E2-CFC0-4D69-825F-EE00E10A44AB}
	EndGlobalSection
EndGlobal
